
Microsoft Visual Studio Solution File, Format Version 12.00
# Visual Studio Version 17
VisualStudioVersion = 17.7.34031.279
MinimumVisualStudioVersion = 10.0.40219.1
Project("{FAE04EC0-301F-11D3-BF4B-00C04F79EFBC}") = "webbandienthoai", "webbandienthoai\webbandienthoai.csproj", "{50D51A4E-01BC-4B3C-B427-D28E6F86CF54}"
EndProject
Global
	GlobalSection(SolutionConfigurationPlatforms) = preSolution
		Debug|Any CPU = Debug|Any CPU
		Release|Any CPU = Release|Any CPU
	EndGlobalSection
	GlobalSection(ProjectConfigurationPlatforms) = postSolution
		{50D51A4E-01BC-4B3C-B427-D28E6F86CF54}.Debug|Any CPU.ActiveCfg = Debug|Any CPU
		{50D51A4E-01BC-4B3C-B427-D28E6F86CF54}.Debug|Any CPU.Build.0 = Debug|Any CPU
		{50D51A4E-01BC-4B3C-B427-D28E6F86CF54}.Release|Any CPU.ActiveCfg = Release|Any CPU
		{50D51A4E-01BC-4B3C-B427-D28E6F86CF54}.Release|Any CPU.Build.0 = Release|Any CPU
	EndGlobalSection
	GlobalSection(SolutionProperties) = preSolution
		HideSolutionNode = FALSE
	EndGlobalSection
	GlobalSection(ExtensibilityGlobals) = postSolution
		SolutionGuid = {313E9AE7-AA43-41F7-AEC9-B48B3ECBBDFE}
	EndGlobalSection
EndGlobal
